
Microsoft Visual Studio Solution File, Format Version 12.00
# Visual Studio Version 16
VisualStudioVersion = 16.0.30717.126
MinimumVisualStudioVersion = 10.0.40219.1
Project("{FAE04EC0-301F-11D3-BF4B-00C04F79EFBC}") = "ClassMetotDemo", "ClassMetotDemo\ClassMetotDemo.csproj", "{28AB0DC5-8106-4F8C-A068-D807A3B8FDFE}"
EndProject
Global
	GlobalSection(SolutionConfigurationPlatforms) = preSolution
		Debug|Any CPU = Debug|Any CPU
		Release|Any CPU = Release|Any CPU
	EndGlobalSection
	GlobalSection(ProjectConfigurationPlatforms) = postSolution
		{28AB0DC5-8106-4F8C-A068-D807A3B8FDFE}.Debug|Any CPU.ActiveCfg = Debug|Any CPU
		{28AB0DC5-8106-4F8C-A068-D807A3B8FDFE}.Debug|Any CPU.Build.0 = Debug|Any CPU
		{28AB0DC5-8106-4F8C-A068-D807A3B8FDFE}.Release|Any CPU.ActiveCfg = Release|Any CPU
		{28AB0DC5-8106-4F8C-A068-D807A3B8FDFE}.Release|Any CPU.Build.0 = Release|Any CPU
	EndGlobalSection
	GlobalSection(SolutionProperties) = preSolution
		HideSolutionNode = FALSE
	EndGlobalSection
	GlobalSection(ExtensibilityGlobals) = postSolution
		SolutionGuid = {52A2BB47-A862-4FD3-93B5-6585C4671163}
	EndGlobalSection
EndGlobal
